
Microsoft Visual Studio Solution File, Format Version 12.00
# Visual Studio Version 17
VisualStudioVersion = 17.11.35327.3
MinimumVisualStudioVersion = 10.0.40219.1
Project("{FAE04EC0-301F-11D3-BF4B-00C04F79EFBC}") = "InheritanceExample", "InheritanceExample\InheritanceExample.csproj", "{B20163FB-8158-4F05-AB30-25FE1F6BCCB7}"
EndProject
Global
	GlobalSection(SolutionConfigurationPlatforms) = preSolution
		Debug|Any CPU = Debug|Any CPU
		Release|Any CPU = Release|Any CPU
	EndGlobalSection
	GlobalSection(ProjectConfigurationPlatforms) = postSolution
		{B20163FB-8158-4F05-AB30-25FE1F6BCCB7}.Debug|Any CPU.ActiveCfg = Debug|Any CPU
		{B20163FB-8158-4F05-AB30-25FE1F6BCCB7}.Debug|Any CPU.Build.0 = Debug|Any CPU
		{B20163FB-8158-4F05-AB30-25FE1F6BCCB7}.Release|Any CPU.ActiveCfg = Release|Any CPU
		{B20163FB-8158-4F05-AB30-25FE1F6BCCB7}.Release|Any CPU.Build.0 = Release|Any CPU
	EndGlobalSection
	GlobalSection(SolutionProperties) = preSolution
		HideSolutionNode = FALSE
	EndGlobalSection
	GlobalSection(ExtensibilityGlobals) = postSolution
		SolutionGuid = {1E268893-D850-4DD9-BFC6-6C702F5E3C21}
	EndGlobalSection
EndGlobal
