
Microsoft Visual Studio Solution File, Format Version 12.00
# Visual Studio Version 17
VisualStudioVersion = 17.11.35303.130
MinimumVisualStudioVersion = 10.0.40219.1
Project("{9A19103F-16F7-4668-BE54-9A1E7A4F7556}") = "CRUDExample", "CRUDExample\CRUDExample.csproj", "{A870016A-0818-432C-9FC2-F6D49B38AE08}"
EndProject
Project("{9A19103F-16F7-4668-BE54-9A1E7A4F7556}") = "CRUDTests", "CRUDTests\CRUDTests.csproj", "{C336BC41-630C-4E2D-A915-1BD7A800555E}"
EndProject
Project("{9A19103F-16F7-4668-BE54-9A1E7A4F7556}") = "Entities", "Entities\Entities.csproj", "{5C5487CE-CAE9-45E8-8AE1-864B15D1BB4D}"
EndProject
Project("{9A19103F-16F7-4668-BE54-9A1E7A4F7556}") = "ServiceConstracts", "ServiceConstracts\ServiceConstracts.csproj", "{624D7B98-6A98-40FF-A729-14D446FB441D}"
EndProject
Project("{FAE04EC0-301F-11D3-BF4B-00C04F79EFBC}") = "Services", "Services\Services.csproj", "{B9966D7E-E659-4DB9-9340-455279517080}"
EndProject
Global
	GlobalSection(SolutionConfigurationPlatforms) = preSolution
		Debug|Any CPU = Debug|Any CPU
		Release|Any CPU = Release|Any CPU
	EndGlobalSection
	GlobalSection(ProjectConfigurationPlatforms) = postSolution
		{A870016A-0818-432C-9FC2-F6D49B38AE08}.Debug|Any CPU.ActiveCfg = Debug|Any CPU
		{A870016A-0818-432C-9FC2-F6D49B38AE08}.Debug|Any CPU.Build.0 = Debug|Any CPU
		{A870016A-0818-432C-9FC2-F6D49B38AE08}.Release|Any CPU.ActiveCfg = Release|Any CPU
		{A870016A-0818-432C-9FC2-F6D49B38AE08}.Release|Any CPU.Build.0 = Release|Any CPU
		{C336BC41-630C-4E2D-A915-1BD7A800555E}.Debug|Any CPU.ActiveCfg = Debug|Any CPU
		{C336BC41-630C-4E2D-A915-1BD7A800555E}.Debug|Any CPU.Build.0 = Debug|Any CPU
		{C336BC41-630C-4E2D-A915-1BD7A800555E}.Release|Any CPU.ActiveCfg = Release|Any CPU
		{C336BC41-630C-4E2D-A915-1BD7A800555E}.Release|Any CPU.Build.0 = Release|Any CPU
		{5C5487CE-CAE9-45E8-8AE1-864B15D1BB4D}.Debug|Any CPU.ActiveCfg = Debug|Any CPU
		{5C5487CE-CAE9-45E8-8AE1-864B15D1BB4D}.Debug|Any CPU.Build.0 = Debug|Any CPU
		{5C5487CE-CAE9-45E8-8AE1-864B15D1BB4D}.Release|Any CPU.ActiveCfg = Release|Any CPU
		{5C5487CE-CAE9-45E8-8AE1-864B15D1BB4D}.Release|Any CPU.Build.0 = Release|Any CPU
		{624D7B98-6A98-40FF-A729-14D446FB441D}.Debug|Any CPU.ActiveCfg = Debug|Any CPU
		{624D7B98-6A98-40FF-A729-14D446FB441D}.Debug|Any CPU.Build.0 = Debug|Any CPU
		{624D7B98-6A98-40FF-A729-14D446FB441D}.Release|Any CPU.ActiveCfg = Release|Any CPU
		{624D7B98-6A98-40FF-A729-14D446FB441D}.Release|Any CPU.Build.0 = Release|Any CPU
		{B9966D7E-E659-4DB9-9340-455279517080}.Debug|Any CPU.ActiveCfg = Debug|Any CPU
		{B9966D7E-E659-4DB9-9340-455279517080}.Debug|Any CPU.Build.0 = Debug|Any CPU
		{B9966D7E-E659-4DB9-9340-455279517080}.Release|Any CPU.ActiveCfg = Release|Any CPU
		{B9966D7E-E659-4DB9-9340-455279517080}.Release|Any CPU.Build.0 = Release|Any CPU
	EndGlobalSection
	GlobalSection(SolutionProperties) = preSolution
		HideSolutionNode = FALSE
	EndGlobalSection
	GlobalSection(ExtensibilityGlobals) = postSolution
		SolutionGuid = {B5155ED8-57B7-49BE-A7FA-58C8F800264E}
	EndGlobalSection
EndGlobal
