
Microsoft Visual Studio Solution File, Format Version 12.00
# Visual Studio Version 17
VisualStudioVersion = 17.8.34330.188
MinimumVisualStudioVersion = 10.0.40219.1
Project("{FAE04EC0-301F-11D3-BF4B-00C04F79EFBC}") = "ControllerApi", "ASP06\ControllerApi.csproj", "{1790D163-5C2D-4983-98C2-6252D90C6DFE}"
EndProject
Project("{FAE04EC0-301F-11D3-BF4B-00C04F79EFBC}") = "MinimalApi", "MinimalApi\MinimalApi.csproj", "{9CCB9572-F02B-412E-A4AD-19F2B0DF8A19}"
EndProject
Global
	GlobalSection(SolutionConfigurationPlatforms) = preSolution
		Debug|Any CPU = Debug|Any CPU
		Release|Any CPU = Release|Any CPU
	EndGlobalSection
	GlobalSection(ProjectConfigurationPlatforms) = postSolution
		{1790D163-5C2D-4983-98C2-6252D90C6DFE}.Debug|Any CPU.ActiveCfg = Debug|Any CPU
		{1790D163-5C2D-4983-98C2-6252D90C6DFE}.Debug|Any CPU.Build.0 = Debug|Any CPU
		{1790D163-5C2D-4983-98C2-6252D90C6DFE}.Release|Any CPU.ActiveCfg = Release|Any CPU
		{1790D163-5C2D-4983-98C2-6252D90C6DFE}.Release|Any CPU.Build.0 = Release|Any CPU
		{9CCB9572-F02B-412E-A4AD-19F2B0DF8A19}.Debug|Any CPU.ActiveCfg = Debug|Any CPU
		{9CCB9572-F02B-412E-A4AD-19F2B0DF8A19}.Debug|Any CPU.Build.0 = Debug|Any CPU
		{9CCB9572-F02B-412E-A4AD-19F2B0DF8A19}.Release|Any CPU.ActiveCfg = Release|Any CPU
		{9CCB9572-F02B-412E-A4AD-19F2B0DF8A19}.Release|Any CPU.Build.0 = Release|Any CPU
	EndGlobalSection
	GlobalSection(SolutionProperties) = preSolution
		HideSolutionNode = FALSE
	EndGlobalSection
	GlobalSection(ExtensibilityGlobals) = postSolution
		SolutionGuid = {058C8C5B-2F4B-41F4-A3A9-546890A9F2CD}
	EndGlobalSection
EndGlobal
