
Microsoft Visual Studio Solution File, Format Version 12.00
# Visual Studio Version 17
VisualStudioVersion = 17.8.34330.188
MinimumVisualStudioVersion = 10.0.40219.1
Project("{9A19103F-16F7-4668-BE54-9A1E7A4F7556}") = "DIExample", "DIExample\DIExample.csproj", "{649C4A6E-A9D1-4564-A517-66409FE08DCA}"
EndProject
Project("{9A19103F-16F7-4668-BE54-9A1E7A4F7556}") = "Services", "Services\Services.csproj", "{469A41DB-79E4-4C99-9054-967B01D7961B}"
EndProject
Project("{FAE04EC0-301F-11D3-BF4B-00C04F79EFBC}") = "ServiceContracts", "ServiceContracts\ServiceContracts.csproj", "{87F8E1D6-C3FF-4B55-9A61-81A6C3102B39}"
EndProject
Global
	GlobalSection(SolutionConfigurationPlatforms) = preSolution
		Debug|Any CPU = Debug|Any CPU
		Release|Any CPU = Release|Any CPU
	EndGlobalSection
	GlobalSection(ProjectConfigurationPlatforms) = postSolution
		{649C4A6E-A9D1-4564-A517-66409FE08DCA}.Debug|Any CPU.ActiveCfg = Debug|Any CPU
		{649C4A6E-A9D1-4564-A517-66409FE08DCA}.Debug|Any CPU.Build.0 = Debug|Any CPU
		{649C4A6E-A9D1-4564-A517-66409FE08DCA}.Release|Any CPU.ActiveCfg = Release|Any CPU
		{649C4A6E-A9D1-4564-A517-66409FE08DCA}.Release|Any CPU.Build.0 = Release|Any CPU
		{469A41DB-79E4-4C99-9054-967B01D7961B}.Debug|Any CPU.ActiveCfg = Debug|Any CPU
		{469A41DB-79E4-4C99-9054-967B01D7961B}.Debug|Any CPU.Build.0 = Debug|Any CPU
		{469A41DB-79E4-4C99-9054-967B01D7961B}.Release|Any CPU.ActiveCfg = Release|Any CPU
		{469A41DB-79E4-4C99-9054-967B01D7961B}.Release|Any CPU.Build.0 = Release|Any CPU
		{87F8E1D6-C3FF-4B55-9A61-81A6C3102B39}.Debug|Any CPU.ActiveCfg = Debug|Any CPU
		{87F8E1D6-C3FF-4B55-9A61-81A6C3102B39}.Debug|Any CPU.Build.0 = Debug|Any CPU
		{87F8E1D6-C3FF-4B55-9A61-81A6C3102B39}.Release|Any CPU.ActiveCfg = Release|Any CPU
		{87F8E1D6-C3FF-4B55-9A61-81A6C3102B39}.Release|Any CPU.Build.0 = Release|Any CPU
	EndGlobalSection
	GlobalSection(SolutionProperties) = preSolution
		HideSolutionNode = FALSE
	EndGlobalSection
	GlobalSection(ExtensibilityGlobals) = postSolution
		SolutionGuid = {5F20B5FE-6CD2-4CCC-B502-5B536564D35A}
	EndGlobalSection
EndGlobal
